
Microsoft Visual Studio Solution File, Format Version 12.00
# Visual Studio Version 17
VisualStudioVersion = 17.7.34202.233
MinimumVisualStudioVersion = 10.0.40219.1
Project("{8BC9CEB8-8B4A-11D0-8D11-00A0C91BC942}") = "banking_algo", "banking_algo.vcxproj", "{7A2CCCD4-C25A-4A84-AC8E-7643391AC93A}"
EndProject
Global
	GlobalSection(SolutionConfigurationPlatforms) = preSolution
		Debug|x64 = Debug|x64
		Debug|x86 = Debug|x86
		Release|x64 = Release|x64
		Release|x86 = Release|x86
	EndGlobalSection
	GlobalSection(ProjectConfigurationPlatforms) = postSolution
		{7A2CCCD4-C25A-4A84-AC8E-7643391AC93A}.Debug|x64.ActiveCfg = Debug|x64
		{7A2CCCD4-C25A-4A84-AC8E-7643391AC93A}.Debug|x64.Build.0 = Debug|x64
		{7A2CCCD4-C25A-4A84-AC8E-7643391AC93A}.Debug|x86.ActiveCfg = Debug|Win32
		{7A2CCCD4-C25A-4A84-AC8E-7643391AC93A}.Debug|x86.Build.0 = Debug|Win32
		{7A2CCCD4-C25A-4A84-AC8E-7643391AC93A}.Release|x64.ActiveCfg = Release|x64
		{7A2CCCD4-C25A-4A84-AC8E-7643391AC93A}.Release|x64.Build.0 = Release|x64
		{7A2CCCD4-C25A-4A84-AC8E-7643391AC93A}.Release|x86.ActiveCfg = Release|Win32
		{7A2CCCD4-C25A-4A84-AC8E-7643391AC93A}.Release|x86.Build.0 = Release|Win32
	EndGlobalSection
	GlobalSection(SolutionProperties) = preSolution
		HideSolutionNode = FALSE
	EndGlobalSection
	GlobalSection(ExtensibilityGlobals) = postSolution
		SolutionGuid = {23233EE1-DBEF-4D23-B5DC-C57E18BA0E9E}
	EndGlobalSection
EndGlobal
